// !$*UTF8*$!
{
	archiveVersion = 1;
	classes = {
	};
	objectVersion = 52;
	objects = {

/* Begin PBXBuildFile section */
		D7328F402800CA8D006AE9EA /* AppDelegate.swift in Sources */ = {isa = PBXBuildFile; fileRef = D7328F3F2800CA8D006AE9EA /* AppDelegate.swift */; };
		D7328F442800CA8D006AE9EA /* ViewController.swift in Sources */ = {isa = PBXBuildFile; fileRef = D7328F432800CA8D006AE9EA /* ViewController.swift */; };
		D7328F472800CA8E006AE9EA /* Main.storyboard in Resources */ = {isa = PBXBuildFile; fileRef = D7328F452800CA8E006AE9EA /* Main.storyboard */; };
		D7328F4A2800CA8E006AE9EA /* SaveDataLocal.xcdatamodeld in Sources */ = {isa = PBXBuildFile; fileRef = D7328F482800CA8E006AE9EA /* SaveDataLocal.xcdatamodeld */; };
		D7328F4C2800CA90006AE9EA /* Assets.xcassets in Resources */ = {isa = PBXBuildFile; fileRef = D7328F4B2800CA90006AE9EA /* Assets.xcassets */; };
		D7328F4F2800CA90006AE9EA /* LaunchScreen.storyboard in Resources */ = {isa = PBXBuildFile; fileRef = D7328F4D2800CA90006AE9EA /* LaunchScreen.storyboard */; };
		D7328F592800D242006AE9EA /* KeychainSwift in Frameworks */ = {isa = PBXBuildFile; productRef = D7328F582800D242006AE9EA /* KeychainSwift */; };
		D7328F5C2800D258006AE9EA /* KeyChainVC.swift in Sources */ = {isa = PBXBuildFile; fileRef = D7328F5B2800D258006AE9EA /* KeyChainVC.swift */; };
		D7328F612800D507006AE9EA /* DatabaseManagerProtocol.swift in Sources */ = {isa = PBXBuildFile; fileRef = D7328F602800D507006AE9EA /* DatabaseManagerProtocol.swift */; };
		D7328F652800D51D006AE9EA /* RecipeItemModel.swift in Sources */ = {isa = PBXBuildFile; fileRef = D7328F642800D51D006AE9EA /* RecipeItemModel.swift */; };
		D7328F682800D52D006AE9EA /* CoreDataHelper.swift in Sources */ = {isa = PBXBuildFile; fileRef = D7328F672800D52D006AE9EA /* CoreDataHelper.swift */; };
		D7328F6B2800D589006AE9EA /* Model.swift in Sources */ = {isa = PBXBuildFile; fileRef = D7328F6A2800D589006AE9EA /* Model.swift */; };
		D7328F6E2800D5CA006AE9EA /* DatabaseHelperProtocol.swift in Sources */ = {isa = PBXBuildFile; fileRef = D7328F6D2800D5CA006AE9EA /* DatabaseHelperProtocol.swift */; };
		D7328F732800D63B006AE9EA /* CoreDataVC.swift in Sources */ = {isa = PBXBuildFile; fileRef = D7328F722800D63B006AE9EA /* CoreDataVC.swift */; };
		D7328F782800D893006AE9EA /* DataBaseManager.swift in Sources */ = {isa = PBXBuildFile; fileRef = D7328F772800D893006AE9EA /* DataBaseManager.swift */; };
		D7328F7C2800D8E6006AE9EA /* SQLVC.swift in Sources */ = {isa = PBXBuildFile; fileRef = D7328F7B2800D8E6006AE9EA /* SQLVC.swift */; };
		D75022012800F0E400075CFA /* RealmSwift in Frameworks */ = {isa = PBXBuildFile; productRef = D75022002800F0E400075CFA /* RealmSwift */; };
		D75022032800F0E400075CFA /* Realm in Frameworks */ = {isa = PBXBuildFile; productRef = D75022022800F0E400075CFA /* Realm */; };
		D75022062800F14000075CFA /* RealmVC.swift in Sources */ = {isa = PBXBuildFile; fileRef = D75022052800F14000075CFA /* RealmVC.swift */; };
/* End PBXBuildFile section */

/* Begin PBXFileReference section */
		D7328F3C2800CA8D006AE9EA /* SaveDataLocal.app */ = {isa = PBXFileReference; explicitFileType = wrapper.application; includeInIndex = 0; path = SaveDataLocal.app; sourceTree = BUILT_PRODUCTS_DIR; };
		D7328F3F2800CA8D006AE9EA /* AppDelegate.swift */ = {isa = PBXFileReference; lastKnownFileType = sourcecode.swift; path = AppDelegate.swift; sourceTree = "<group>"; };
		D7328F432800CA8D006AE9EA /* ViewController.swift */ = {isa = PBXFileReference; lastKnownFileType = sourcecode.swift; path = ViewController.swift; sourceTree = "<group>"; };
		D7328F462800CA8E006AE9EA /* Base */ = {isa = PBXFileReference; lastKnownFileType = file.storyboard; name = Base; path = Base.lproj/Main.storyboard; sourceTree = "<group>"; };
		D7328F492800CA8E006AE9EA /* SaveDataLocal.xcdatamodel */ = {isa = PBXFileReference; lastKnownFileType = wrapper.xcdatamodel; path = SaveDataLocal.xcdatamodel; sourceTree = "<group>"; };
		D7328F4B2800CA90006AE9EA /* Assets.xcassets */ = {isa = PBXFileReference; lastKnownFileType = folder.assetcatalog; path = Assets.xcassets; sourceTree = "<group>"; };
		D7328F4E2800CA90006AE9EA /* Base */ = {isa = PBXFileReference; lastKnownFileType = file.storyboard; name = Base; path = Base.lproj/LaunchScreen.storyboard; sourceTree = "<group>"; };
		D7328F502800CA90006AE9EA /* Info.plist */ = {isa = PBXFileReference; lastKnownFileType = text.plist.xml; path = Info.plist; sourceTree = "<group>"; };
		D7328F5B2800D258006AE9EA /* KeyChainVC.swift */ = {isa = PBXFileReference; lastKnownFileType = sourcecode.swift; path = KeyChainVC.swift; sourceTree = "<group>"; };
		D7328F602800D507006AE9EA /* DatabaseManagerProtocol.swift */ = {isa = PBXFileReference; lastKnownFileType = sourcecode.swift; path = DatabaseManagerProtocol.swift; sourceTree = "<group>"; };
		D7328F642800D51D006AE9EA /* RecipeItemModel.swift */ = {isa = PBXFileReference; lastKnownFileType = sourcecode.swift; path = RecipeItemModel.swift; sourceTree = "<group>"; };
		D7328F672800D52D006AE9EA /* CoreDataHelper.swift */ = {isa = PBXFileReference; lastKnownFileType = sourcecode.swift; path = CoreDataHelper.swift; sourceTree = "<group>"; };
		D7328F6A2800D589006AE9EA /* Model.swift */ = {isa = PBXFileReference; lastKnownFileType = sourcecode.swift; path = Model.swift; sourceTree = "<group>"; };
		D7328F6D2800D5CA006AE9EA /* DatabaseHelperProtocol.swift */ = {isa = PBXFileReference; lastKnownFileType = sourcecode.swift; path = DatabaseHelperProtocol.swift; sourceTree = "<group>"; };
		D7328F722800D63B006AE9EA /* CoreDataVC.swift */ = {isa = PBXFileReference; lastKnownFileType = sourcecode.swift; path = CoreDataVC.swift; sourceTree = "<group>"; };
		D7328F772800D893006AE9EA /* DataBaseManager.swift */ = {isa = PBXFileReference; lastKnownFileType = sourcecode.swift; path = DataBaseManager.swift; sourceTree = "<group>"; };
		D7328F7B2800D8E6006AE9EA /* SQLVC.swift */ = {isa = PBXFileReference; lastKnownFileType = sourcecode.swift; path = SQLVC.swift; sourceTree = "<group>"; };
		D75022052800F14000075CFA /* RealmVC.swift */ = {isa = PBXFileReference; lastKnownFileType = sourcecode.swift; path = RealmVC.swift; sourceTree = "<group>"; };
/* End PBXFileReference section */

/* Begin PBXFrameworksBuildPhase section */
		D7328F392800CA8D006AE9EA /* Frameworks */ = {
			isa = PBXFrameworksBuildPhase;
			buildActionMask = 2147483647;
			files = (
				D75022032800F0E400075CFA /* Realm in Frameworks */,
				D75022012800F0E400075CFA /* RealmSwift in Frameworks */,
				D7328F592800D242006AE9EA /* KeychainSwift in Frameworks */,
			);
			runOnlyForDeploymentPostprocessing = 0;
		};
/* End PBXFrameworksBuildPhase section */

/* Begin PBXGroup section */
		D7328F332800CA8D006AE9EA = {
			isa = PBXGroup;
			children = (
				D7328F3E2800CA8D006AE9EA /* SaveDataLocal */,
				D7328F3D2800CA8D006AE9EA /* Products */,
			);
			sourceTree = "<group>";
		};
		D7328F3D2800CA8D006AE9EA /* Products */ = {
			isa = PBXGroup;
			children = (
				D7328F3C2800CA8D006AE9EA /* SaveDataLocal.app */,
			);
			name = Products;
			sourceTree = "<group>";
		};
		D7328F3E2800CA8D006AE9EA /* SaveDataLocal */ = {
			isa = PBXGroup;
			children = (
				D7328F762800D88A006AE9EA /* SQL */,
				D7328F712800D610006AE9EA /* Resoucres */,
				D7328F5F2800D4F7006AE9EA /* CoreData */,
				D7328F702800D5FD006AE9EA /* Core */,
				D7328F432800CA8D006AE9EA /* ViewController.swift */,
				D7328F722800D63B006AE9EA /* CoreDataVC.swift */,
				D7328F5B2800D258006AE9EA /* KeyChainVC.swift */,
				D7328F7B2800D8E6006AE9EA /* SQLVC.swift */,
				D75022052800F14000075CFA /* RealmVC.swift */,
				D7328F452800CA8E006AE9EA /* Main.storyboard */,
				D7328F502800CA90006AE9EA /* Info.plist */,
				D7328F482800CA8E006AE9EA /* SaveDataLocal.xcdatamodeld */,
			);
			path = SaveDataLocal;
			sourceTree = "<group>";
		};
		D7328F5F2800D4F7006AE9EA /* CoreData */ = {
			isa = PBXGroup;
			children = (
				D7328F602800D507006AE9EA /* DatabaseManagerProtocol.swift */,
				D7328F642800D51D006AE9EA /* RecipeItemModel.swift */,
				D7328F672800D52D006AE9EA /* CoreDataHelper.swift */,
				D7328F6D2800D5CA006AE9EA /* DatabaseHelperProtocol.swift */,
				D7328F6A2800D589006AE9EA /* Model.swift */,
			);
			path = CoreData;
			sourceTree = "<group>";
		};
		D7328F702800D5FD006AE9EA /* Core */ = {
			isa = PBXGroup;
			children = (
				D7328F3F2800CA8D006AE9EA /* AppDelegate.swift */,
			);
			path = Core;
			sourceTree = "<group>";
		};
		D7328F712800D610006AE9EA /* Resoucres */ = {
			isa = PBXGroup;
			children = (
				D7328F4B2800CA90006AE9EA /* Assets.xcassets */,
				D7328F4D2800CA90006AE9EA /* LaunchScreen.storyboard */,
			);
			path = Resoucres;
			sourceTree = "<group>";
		};
		D7328F762800D88A006AE9EA /* SQL */ = {
			isa = PBXGroup;
			children = (
				D7328F772800D893006AE9EA /* DataBaseManager.swift */,
			);
			path = SQL;
			sourceTree = "<group>";
		};
/* End PBXGroup section */

/* Begin PBXNativeTarget section */
		D7328F3B2800CA8D006AE9EA /* SaveDataLocal */ = {
			isa = PBXNativeTarget;
			buildConfigurationList = D7328F532800CA90006AE9EA /* Build configuration list for PBXNativeTarget "SaveDataLocal" */;
			buildPhases = (
				D7328F382800CA8D006AE9EA /* Sources */,
				D7328F392800CA8D006AE9EA /* Frameworks */,
				D7328F3A2800CA8D006AE9EA /* Resources */,
			);
			buildRules = (
			);
			dependencies = (
			);
			name = SaveDataLocal;
			packageProductDependencies = (
				D7328F582800D242006AE9EA /* KeychainSwift */,
				D75022002800F0E400075CFA /* RealmSwift */,
				D75022022800F0E400075CFA /* Realm */,
			);
			productName = SaveDataLocal;
			productReference = D7328F3C2800CA8D006AE9EA /* SaveDataLocal.app */;
			productType = "com.apple.product-type.application";
		};
/* End PBXNativeTarget section */

/* Begin PBXProject section */
		D7328F342800CA8D006AE9EA /* Project object */ = {
			isa = PBXProject;
			attributes = {
				LastSwiftUpdateCheck = 1240;
				LastUpgradeCheck = 1240;
				TargetAttributes = {
					D7328F3B2800CA8D006AE9EA = {
						CreatedOnToolsVersion = 12.4;
					};
				};
			};
			buildConfigurationList = D7328F372800CA8D006AE9EA /* Build configuration list for PBXProject "SaveDataLocal" */;
			compatibilityVersion = "Xcode 9.3";
			developmentRegion = en;
			hasScannedForEncodings = 0;
			knownRegions = (
				en,
				Base,
			);
			mainGroup = D7328F332800CA8D006AE9EA;
			packageReferences = (
				D7328F572800D242006AE9EA /* XCRemoteSwiftPackageReference "keychain-swift" */,
				D75021FF2800F0E400075CFA /* XCRemoteSwiftPackageReference "realm-swift" */,
			);
			productRefGroup = D7328F3D2800CA8D006AE9EA /* Products */;
			projectDirPath = "";
			projectRoot = "";
			targets = (
				D7328F3B2800CA8D006AE9EA /* SaveDataLocal */,
			);
		};
/* End PBXProject section */

/* Begin PBXResourcesBuildPhase section */
		D7328F3A2800CA8D006AE9EA /* Resources */ = {
			isa = PBXResourcesBuildPhase;
			buildActionMask = 2147483647;
			files = (
				D7328F4F2800CA90006AE9EA /* LaunchScreen.storyboard in Resources */,
				D7328F4C2800CA90006AE9EA /* Assets.xcassets in Resources */,
				D7328F472800CA8E006AE9EA /* Main.storyboard in Resources */,
			);
			runOnlyForDeploymentPostprocessing = 0;
		};
/* End PBXResourcesBuildPhase section */

/* Begin PBXSourcesBuildPhase section */
		D7328F382800CA8D006AE9EA /* Sources */ = {
			isa = PBXSourcesBuildPhase;
			buildActionMask = 2147483647;
			files = (
				D7328F6E2800D5CA006AE9EA /* DatabaseHelperProtocol.swift in Sources */,
				D7328F732800D63B006AE9EA /* CoreDataVC.swift in Sources */,
				D7328F5C2800D258006AE9EA /* KeyChainVC.swift in Sources */,
				D7328F7C2800D8E6006AE9EA /* SQLVC.swift in Sources */,
				D7328F442800CA8D006AE9EA /* ViewController.swift in Sources */,
				D7328F652800D51D006AE9EA /* RecipeItemModel.swift in Sources */,
				D7328F682800D52D006AE9EA /* CoreDataHelper.swift in Sources */,
				D7328F612800D507006AE9EA /* DatabaseManagerProtocol.swift in Sources */,
				D75022062800F14000075CFA /* RealmVC.swift in Sources */,
				D7328F402800CA8D006AE9EA /* AppDelegate.swift in Sources */,
				D7328F4A2800CA8E006AE9EA /* SaveDataLocal.xcdatamodeld in Sources */,
				D7328F6B2800D589006AE9EA /* Model.swift in Sources */,
				D7328F782800D893006AE9EA /* DataBaseManager.swift in Sources */,
			);
			runOnlyForDeploymentPostprocessing = 0;
		};
/* End PBXSourcesBuildPhase section */

/* Begin PBXVariantGroup section */
		D7328F452800CA8E006AE9EA /* Main.storyboard */ = {
			isa = PBXVariantGroup;
			children = (
				D7328F462800CA8E006AE9EA /* Base */,
			);
			name = Main.storyboard;
			sourceTree = "<group>";
		};
		D7328F4D2800CA90006AE9EA /* LaunchScreen.storyboard */ = {
			isa = PBXVariantGroup;
			children = (
				D7328F4E2800CA90006AE9EA /* Base */,
			);
			name = LaunchScreen.storyboard;
			sourceTree = "<group>";
		};
/* End PBXVariantGroup section */

/* Begin XCBuildConfiguration section */
		D7328F512800CA90006AE9EA /* Debug */ = {
			isa = XCBuildConfiguration;
			buildSettings = {
				ALWAYS_SEARCH_USER_PATHS = NO;
				CLANG_ANALYZER_NONNULL = YES;
				CLANG_ANALYZER_NUMBER_OBJECT_CONVERSION = YES_AGGRESSIVE;
				CLANG_CXX_LANGUAGE_STANDARD = "gnu++14";
				CLANG_CXX_LIBRARY = "libc++";
				CLANG_ENABLE_MODULES = YES;
				CLANG_ENABLE_OBJC_ARC = YES;
				CLANG_ENABLE_OBJC_WEAK = YES;
				CLANG_WARN_BLOCK_CAPTURE_AUTORELEASING = YES;
				CLANG_WARN_BOOL_CONVERSION = YES;
				CLANG_WARN_COMMA = YES;
				CLANG_WARN_CONSTANT_CONVERSION = YES;
				CLANG_WARN_DEPRECATED_OBJC_IMPLEMENTATIONS = YES;
				CLANG_WARN_DIRECT_OBJC_ISA_USAGE = YES_ERROR;
				CLANG_WARN_DOCUMENTATION_COMMENTS = YES;
				CLANG_WARN_EMPTY_BODY = YES;
				CLANG_WARN_ENUM_CONVERSION = YES;
				CLANG_WARN_INFINITE_RECURSION = YES;
				CLANG_WARN_INT_CONVERSION = YES;
				CLANG_WARN_NON_LITERAL_NULL_CONVERSION = YES;
				CLANG_WARN_OBJC_IMPLICIT_RETAIN_SELF = YES;
				CLANG_WARN_OBJC_LITERAL_CONVERSION = YES;
				CLANG_WARN_OBJC_ROOT_CLASS = YES_ERROR;
				CLANG_WARN_QUOTED_INCLUDE_IN_FRAMEWORK_HEADER = YES;
				CLANG_WARN_RANGE_LOOP_ANALYSIS = YES;
				CLANG_WARN_STRICT_PROTOTYPES = YES;
				CLANG_WARN_SUSPICIOUS_MOVE = YES;
				CLANG_WARN_UNGUARDED_AVAILABILITY = YES_AGGRESSIVE;
				CLANG_WARN_UNREACHABLE_CODE = YES;
				CLANG_WARN__DUPLICATE_METHOD_MATCH = YES;
				COPY_PHASE_STRIP = NO;
				DEBUG_INFORMATION_FORMAT = dwarf;
				ENABLE_STRICT_OBJC_MSGSEND = YES;
				ENABLE_TESTABILITY = YES;
				GCC_C_LANGUAGE_STANDARD = gnu11;
				GCC_DYNAMIC_NO_PIC = NO;
				GCC_NO_COMMON_BLOCKS = YES;
				GCC_OPTIMIZATION_LEVEL = 0;
				GCC_PREPROCESSOR_DEFINITIONS = (
					"DEBUG=1",
					"$(inherited)",
				);
				GCC_WARN_64_TO_32_BIT_CONVERSION = YES;
				GCC_WARN_ABOUT_RETURN_TYPE = YES_ERROR;
				GCC_WARN_UNDECLARED_SELECTOR = YES;
				GCC_WARN_UNINITIALIZED_AUTOS = YES_AGGRESSIVE;
				GCC_WARN_UNUSED_FUNCTION = YES;
				GCC_WARN_UNUSED_VARIABLE = YES;
				IPHONEOS_DEPLOYMENT_TARGET = 14.4;
				MTL_ENABLE_DEBUG_INFO = INCLUDE_SOURCE;
				MTL_FAST_MATH = YES;
				ONLY_ACTIVE_ARCH = YES;
				SDKROOT = iphoneos;
				SWIFT_ACTIVE_COMPILATION_CONDITIONS = DEBUG;
				SWIFT_OPTIMIZATION_LEVEL = "-Onone";
			};
			name = Debug;
		};
		D7328F522800CA90006AE9EA /* Release */ = {
			isa = XCBuildConfiguration;
			buildSettings = {
				ALWAYS_SEARCH_USER_PATHS = NO;
				CLANG_ANALYZER_NONNULL = YES;
				CLANG_ANALYZER_NUMBER_OBJECT_CONVERSION = YES_AGGRESSIVE;
				CLANG_CXX_LANGUAGE_STANDARD = "gnu++14";
				CLANG_CXX_LIBRARY = "libc++";
				CLANG_ENABLE_MODULES = YES;
				CLANG_ENABLE_OBJC_ARC = YES;
				CLANG_ENABLE_OBJC_WEAK = YES;
				CLANG_WARN_BLOCK_CAPTURE_AUTORELEASING = YES;
				CLANG_WARN_BOOL_CONVERSION = YES;
				CLANG_WARN_COMMA = YES;
				CLANG_WARN_CONSTANT_CONVERSION = YES;
				CLANG_WARN_DEPRECATED_OBJC_IMPLEMENTATIONS = YES;
				CLANG_WARN_DIRECT_OBJC_ISA_USAGE = YES_ERROR;
				CLANG_WARN_DOCUMENTATION_COMMENTS = YES;
				CLANG_WARN_EMPTY_BODY = YES;
				CLANG_WARN_ENUM_CONVERSION = YES;
				CLANG_WARN_INFINITE_RECURSION = YES;
				CLANG_WARN_INT_CONVERSION = YES;
				CLANG_WARN_NON_LITERAL_NULL_CONVERSION = YES;
				CLANG_WARN_OBJC_IMPLICIT_RETAIN_SELF = YES;
				CLANG_WARN_OBJC_LITERAL_CONVERSION = YES;
				CLANG_WARN_OBJC_ROOT_CLASS = YES_ERROR;
				CLANG_WARN_QUOTED_INCLUDE_IN_FRAMEWORK_HEADER = YES;
				CLANG_WARN_RANGE_LOOP_ANALYSIS = YES;
				CLANG_WARN_STRICT_PROTOTYPES = YES;
				CLANG_WARN_SUSPICIOUS_MOVE = YES;
				CLANG_WARN_UNGUARDED_AVAILABILITY = YES_AGGRESSIVE;
				CLANG_WARN_UNREACHABLE_CODE = YES;
				CLANG_WARN__DUPLICATE_METHOD_MATCH = YES;
				COPY_PHASE_STRIP = NO;
				DEBUG_INFORMATION_FORMAT = "dwarf-with-dsym";
				ENABLE_NS_ASSERTIONS = NO;
				ENABLE_STRICT_OBJC_MSGSEND = YES;
				GCC_C_LANGUAGE_STANDARD = gnu11;
				GCC_NO_COMMON_BLOCKS = YES;
				GCC_WARN_64_TO_32_BIT_CONVERSION = YES;
				GCC_WARN_ABOUT_RETURN_TYPE = YES_ERROR;
				GCC_WARN_UNDECLARED_SELECTOR = YES;
				GCC_WARN_UNINITIALIZED_AUTOS = YES_AGGRESSIVE;
				GCC_WARN_UNUSED_FUNCTION = YES;
				GCC_WARN_UNUSED_VARIABLE = YES;
				IPHONEOS_DEPLOYMENT_TARGET = 14.4;
				MTL_ENABLE_DEBUG_INFO = NO;
				MTL_FAST_MATH = YES;
				SDKROOT = iphoneos;
				SWIFT_COMPILATION_MODE = wholemodule;
				SWIFT_OPTIMIZATION_LEVEL = "-O";
				VALIDATE_PRODUCT = YES;
			};
			name = Release;
		};
		D7328F542800CA90006AE9EA /* Debug */ = {
			isa = XCBuildConfiguration;
			buildSettings = {
				ASSETCATALOG_COMPILER_APPICON_NAME = AppIcon;
				ASSETCATALOG_COMPILER_GLOBAL_ACCENT_COLOR_NAME = AccentColor;
				CODE_SIGN_STYLE = Automatic;
				DEVELOPMENT_TEAM = SB6MTB7YS3;
				INFOPLIST_FILE = SaveDataLocal/Info.plist;
				LD_RUNPATH_SEARCH_PATHS = (
					"$(inherited)",
					"@executable_path/Frameworks",
				);
				PRODUCT_BUNDLE_IDENTIFIER = hanykaram.SaveDataLocal;
				PRODUCT_NAME = "$(TARGET_NAME)";
				SWIFT_VERSION = 5.0;
				TARGETED_DEVICE_FAMILY = "1,2";
			};
			name = Debug;
		};
		D7328F552800CA90006AE9EA /* Release */ = {
			isa = XCBuildConfiguration;
			buildSettings = {
				ASSETCATALOG_COMPILER_APPICON_NAME = AppIcon;
				ASSETCATALOG_COMPILER_GLOBAL_ACCENT_COLOR_NAME = AccentColor;
				CODE_SIGN_STYLE = Automatic;
				DEVELOPMENT_TEAM = SB6MTB7YS3;
				INFOPLIST_FILE = SaveDataLocal/Info.plist;
				LD_RUNPATH_SEARCH_PATHS = (
					"$(inherited)",
					"@executable_path/Frameworks",
				);
				PRODUCT_BUNDLE_IDENTIFIER = hanykaram.SaveDataLocal;
				PRODUCT_NAME = "$(TARGET_NAME)";
				SWIFT_VERSION = 5.0;
				TARGETED_DEVICE_FAMILY = "1,2";
			};
			name = Release;
		};
/* End XCBuildConfiguration section */

/* Begin XCConfigurationList section */
		D7328F372800CA8D006AE9EA /* Build configuration list for PBXProject "SaveDataLocal" */ = {
			isa = XCConfigurationList;
			buildConfigurations = (
				D7328F512800CA90006AE9EA /* Debug */,
				D7328F522800CA90006AE9EA /* Release */,
			);
			defaultConfigurationIsVisible = 0;
			defaultConfigurationName = Release;
		};
		D7328F532800CA90006AE9EA /* Build configuration list for PBXNativeTarget "SaveDataLocal" */ = {
			isa = XCConfigurationList;
			buildConfigurations = (
				D7328F542800CA90006AE9EA /* Debug */,
				D7328F552800CA90006AE9EA /* Release */,
			);
			defaultConfigurationIsVisible = 0;
			defaultConfigurationName = Release;
		};
/* End XCConfigurationList section */

/* Begin XCRemoteSwiftPackageReference section */
		D7328F572800D242006AE9EA /* XCRemoteSwiftPackageReference "keychain-swift" */ = {
			isa = XCRemoteSwiftPackageReference;
			repositoryURL = "https://github.com/evgenyneu/keychain-swift";
			requirement = {
				kind = upToNextMajorVersion;
				minimumVersion = 19.0.0;
			};
		};
		D75021FF2800F0E400075CFA /* XCRemoteSwiftPackageReference "realm-swift" */ = {
			isa = XCRemoteSwiftPackageReference;
			repositoryURL = "https://github.com/realm/realm-swift";
			requirement = {
				kind = upToNextMajorVersion;
				minimumVersion = 10.25.0;
			};
		};
/* End XCRemoteSwiftPackageReference section */

/* Begin XCSwiftPackageProductDependency section */
		D7328F582800D242006AE9EA /* KeychainSwift */ = {
			isa = XCSwiftPackageProductDependency;
			package = D7328F572800D242006AE9EA /* XCRemoteSwiftPackageReference "keychain-swift" */;
			productName = KeychainSwift;
		};
		D75022002800F0E400075CFA /* RealmSwift */ = {
			isa = XCSwiftPackageProductDependency;
			package = D75021FF2800F0E400075CFA /* XCRemoteSwiftPackageReference "realm-swift" */;
			productName = RealmSwift;
		};
		D75022022800F0E400075CFA /* Realm */ = {
			isa = XCSwiftPackageProductDependency;
			package = D75021FF2800F0E400075CFA /* XCRemoteSwiftPackageReference "realm-swift" */;
			productName = Realm;
		};
/* End XCSwiftPackageProductDependency section */

/* Begin XCVersionGroup section */
		D7328F482800CA8E006AE9EA /* SaveDataLocal.xcdatamodeld */ = {
			isa = XCVersionGroup;
			children = (
				D7328F492800CA8E006AE9EA /* SaveDataLocal.xcdatamodel */,
			);
			currentVersion = D7328F492800CA8E006AE9EA /* SaveDataLocal.xcdatamodel */;
			path = SaveDataLocal.xcdatamodeld;
			sourceTree = "<group>";
			versionGroupType = wrapper.xcdatamodel;
		};
/* End XCVersionGroup section */
	};
	rootObject = D7328F342800CA8D006AE9EA /* Project object */;
}
